<?xml version="1.0" encoding="utf-8"?>
<Project ToolsVersion="4.0" xmlns="http://schemas.microsoft.com/developer/msbuild/2003">
  <ItemGroup>
    <ClCompile Include="stdafx.cpp" />
    <ClCompile Include="main.cpp">
      <Filter>源文件</Filter>
    </ClCompile>
    <ClCompile Include="rasterizer.cpp">
      <Filter>源文件</Filter>
    </ClCompile>
    <ClCompile Include="Texture.cpp">
      <Filter>源文件</Filter>
    </ClCompile>
    <ClCompile Include="Triangle.cpp">
      <Filter>源文件</Filter>
    </ClCompile>
  </ItemGroup>
  <ItemGroup>
    <ClInclude Include="stdafx.h" />
    <ClInclude Include="targetver.h" />
    <ClInclude Include="global.hpp">
      <Filter>头文件</Filter>
    </ClInclude>
    <ClInclude Include="OBJ_Loader.h">
      <Filter>头文件</Filter>
    </ClInclude>
    <ClInclude Include="rasterizer.hpp">
      <Filter>头文件</Filter>
    </ClInclude>
    <ClInclude Include="Shader.hpp">
      <Filter>头文件</Filter>
    </ClInclude>
    <ClInclude Include="Texture.hpp">
      <Filter>头文件</Filter>
    </ClInclude>
    <ClInclude Include="Triangle.hpp">
      <Filter>头文件</Filter>
    </ClInclude>
  </ItemGroup>
  <ItemGroup>
    <Text Include="ReadMe.txt" />
  </ItemGroup>
  <ItemGroup>
    <Filter Include="头文件">
      <UniqueIdentifier>{fecc95da-56fc-4294-86d9-3c00ad3ca10c}</UniqueIdentifier>
    </Filter>
    <Filter Include="源文件">
      <UniqueIdentifier>{65146be0-d074-4486-921a-c062d4326cb4}</UniqueIdentifier>
    </Filter>
  </ItemGroup>
</Project>